
Microsoft Visual Studio Solution File, Format Version 12.00
# Visual Studio 15
VisualStudioVersion = 15.0.28307.136
MinimumVisualStudioVersion = 10.0.40219.1
Project("{FAE04EC0-301F-11D3-BF4B-00C04F79EFBC}") = "client", "client\client.csproj", "{060B381C-2618-47B5-B5E7-5327BBCE5CCB}"
EndProject
Project("{FAE04EC0-301F-11D3-BF4B-00C04F79EFBC}") = "server", "server\server.csproj", "{88B74D12-050A-46B3-87D7-87B3C510BD07}"
EndProject
Global
	GlobalSection(SolutionConfigurationPlatforms) = preSolution
		Debug|x86 = Debug|x86
		Release|x86 = Release|x86
	EndGlobalSection
	GlobalSection(ProjectConfigurationPlatforms) = postSolution
		{060B381C-2618-47B5-B5E7-5327BBCE5CCB}.Debug|x86.ActiveCfg = Debug|x86
		{060B381C-2618-47B5-B5E7-5327BBCE5CCB}.Debug|x86.Build.0 = Debug|x86
		{060B381C-2618-47B5-B5E7-5327BBCE5CCB}.Release|x86.ActiveCfg = Release|x86
		{060B381C-2618-47B5-B5E7-5327BBCE5CCB}.Release|x86.Build.0 = Release|x86
		{88B74D12-050A-46B3-87D7-87B3C510BD07}.Debug|x86.ActiveCfg = Debug|x86
		{88B74D12-050A-46B3-87D7-87B3C510BD07}.Debug|x86.Build.0 = Debug|x86
		{88B74D12-050A-46B3-87D7-87B3C510BD07}.Release|x86.ActiveCfg = Release|x86
		{88B74D12-050A-46B3-87D7-87B3C510BD07}.Release|x86.Build.0 = Release|x86
	EndGlobalSection
	GlobalSection(SolutionProperties) = preSolution
		HideSolutionNode = FALSE
	EndGlobalSection
	GlobalSection(ExtensibilityGlobals) = postSolution
		SolutionGuid = {D745F4F0-5A65-4E0B-B00E-4F0BDB16DFE0}
	EndGlobalSection
EndGlobal
